
Microsoft Visual Studio Solution File, Format Version 12.00
# Visual Studio Version 17
VisualStudioVersion = 17.9.34622.214
MinimumVisualStudioVersion = 10.0.40219.1
Project("{2150E333-8FDC-42A3-9474-1A3956D46DE8}") = "Source", "Source", "{A85F2488-045C-496E-A6BC-2288FB2026E3}"
EndProject
Project("{2150E333-8FDC-42A3-9474-1A3956D46DE8}") = "Backend", "Backend", "{56CD63E4-12E8-4587-8D88-5C0859482530}"
EndProject
Project("{2150E333-8FDC-42A3-9474-1A3956D46DE8}") = "Platforms", "Platforms", "{60D64920-DE88-40C2-8A09-C5CC6C65BA5B}"
EndProject
Project("{2150E333-8FDC-42A3-9474-1A3956D46DE8}") = "Tests", "Tests", "{08EEE9A8-2680-492D-A643-84BF850F3C7A}"
EndProject
Project("{9A19103F-16F7-4668-BE54-9A1E7A4F7556}") = "LinguaLabs.DataContracts", "LinguaLabs.DataContracts\LinguaLabs.DataContracts.csproj", "{B0BB98C3-BE09-4E14-AD04-B93D7B5E527F}"
EndProject
Project("{9A19103F-16F7-4668-BE54-9A1E7A4F7556}") = "LinguaLabs", "LinguaLabs\LinguaLabs.csproj", "{179BE73B-0F06-4C83-A066-157FCFC631AA}"
EndProject
Project("{9A19103F-16F7-4668-BE54-9A1E7A4F7556}") = "LinguaLabs.UITests", "LinguaLabs.UITests\LinguaLabs.UITests.csproj", "{63751ECD-110D-4786-AE3D-C4FDE721A563}"
EndProject
Project("{9A19103F-16F7-4668-BE54-9A1E7A4F7556}") = "LinguaLabs.Tests", "LinguaLabs.Tests\LinguaLabs.Tests.csproj", "{32221CE5-E425-4528-B4EA-D6AF87161234}"
EndProject
Project("{9A19103F-16F7-4668-BE54-9A1E7A4F7556}") = "LinguaLabs.Wasm", "LinguaLabs.Wasm\LinguaLabs.Wasm.csproj", "{77876C9D-BA83-4B87-88C3-F0E6A37096EF}"
EndProject
Project("{9A19103F-16F7-4668-BE54-9A1E7A4F7556}") = "LinguaLabs.Windows", "LinguaLabs.Windows\LinguaLabs.Windows.csproj", "{FFA9A17A-220B-4EF1-88B1-C11AAABFE228}"
EndProject
Project("{9A19103F-16F7-4668-BE54-9A1E7A4F7556}") = "LinguaLabs.Mobile", "LinguaLabs.Mobile\LinguaLabs.Mobile.csproj", "{73DE467D-058E-4ACE-8633-98EA987EA4C9}"
EndProject
Project("{9A19103F-16F7-4668-BE54-9A1E7A4F7556}") = "LinguaLabs.Shared", "LinguaLabs.Shared\LinguaLabs.Shared.csproj", "{743D2915-A5E1-410C-B39C-BA032BB06949}"
EndProject
Project("{9A19103F-16F7-4668-BE54-9A1E7A4F7556}") = "LinguaLabs.Server", "LinguaLabs.Server\LinguaLabs.Server.csproj", "{0CEC0160-C221-4CAE-9E31-87B2E620995A}"
EndProject
Project("{2150E333-8FDC-42A3-9474-1A3956D46DE8}") = "Solution Items", "Solution Items", "{BD8FAE87-E683-43F9-8C1E-88B39DBFE5C6}"
	ProjectSection(SolutionItems) = preProject
		.gitignore = .gitignore
		Directory.Build.props = Directory.Build.props
		Directory.Build.targets = Directory.Build.targets
		Directory.Packages.props = Directory.Packages.props
		solution-config.props.sample = solution-config.props.sample
	EndProjectSection
EndProject
Global
	GlobalSection(SolutionConfigurationPlatforms) = preSolution
		Debug|Any CPU = Debug|Any CPU
		Debug|arm64 = Debug|arm64
		Debug|x64 = Debug|x64
		Debug|x86 = Debug|x86
		Release|Any CPU = Release|Any CPU
		Release|arm64 = Release|arm64
		Release|x64 = Release|x64
		Release|x86 = Release|x86
	EndGlobalSection
	GlobalSection(ProjectConfigurationPlatforms) = postSolution
		{B0BB98C3-BE09-4E14-AD04-B93D7B5E527F}.Debug|Any CPU.ActiveCfg = Debug|Any CPU
		{B0BB98C3-BE09-4E14-AD04-B93D7B5E527F}.Debug|Any CPU.Build.0 = Debug|Any CPU
		{B0BB98C3-BE09-4E14-AD04-B93D7B5E527F}.Debug|arm64.ActiveCfg = Debug|Any CPU
		{B0BB98C3-BE09-4E14-AD04-B93D7B5E527F}.Debug|arm64.Build.0 = Debug|Any CPU
		{B0BB98C3-BE09-4E14-AD04-B93D7B5E527F}.Debug|x64.ActiveCfg = Debug|Any CPU
		{B0BB98C3-BE09-4E14-AD04-B93D7B5E527F}.Debug|x64.Build.0 = Debug|Any CPU
		{B0BB98C3-BE09-4E14-AD04-B93D7B5E527F}.Debug|x86.ActiveCfg = Debug|Any CPU
		{B0BB98C3-BE09-4E14-AD04-B93D7B5E527F}.Debug|x86.Build.0 = Debug|Any CPU
		{B0BB98C3-BE09-4E14-AD04-B93D7B5E527F}.Release|Any CPU.ActiveCfg = Release|Any CPU
		{B0BB98C3-BE09-4E14-AD04-B93D7B5E527F}.Release|Any CPU.Build.0 = Release|Any CPU
		{B0BB98C3-BE09-4E14-AD04-B93D7B5E527F}.Release|arm64.ActiveCfg = Release|Any CPU
		{B0BB98C3-BE09-4E14-AD04-B93D7B5E527F}.Release|arm64.Build.0 = Release|Any CPU
		{B0BB98C3-BE09-4E14-AD04-B93D7B5E527F}.Release|x64.ActiveCfg = Release|Any CPU
		{B0BB98C3-BE09-4E14-AD04-B93D7B5E527F}.Release|x64.Build.0 = Release|Any CPU
		{B0BB98C3-BE09-4E14-AD04-B93D7B5E527F}.Release|x86.ActiveCfg = Release|Any CPU
		{B0BB98C3-BE09-4E14-AD04-B93D7B5E527F}.Release|x86.Build.0 = Release|Any CPU
		{179BE73B-0F06-4C83-A066-157FCFC631AA}.Debug|Any CPU.ActiveCfg = Debug|Any CPU
		{179BE73B-0F06-4C83-A066-157FCFC631AA}.Debug|Any CPU.Build.0 = Debug|Any CPU
		{179BE73B-0F06-4C83-A066-157FCFC631AA}.Debug|arm64.ActiveCfg = Debug|Any CPU
		{179BE73B-0F06-4C83-A066-157FCFC631AA}.Debug|arm64.Build.0 = Debug|Any CPU
		{179BE73B-0F06-4C83-A066-157FCFC631AA}.Debug|x64.ActiveCfg = Debug|Any CPU
		{179BE73B-0F06-4C83-A066-157FCFC631AA}.Debug|x64.Build.0 = Debug|Any CPU
		{179BE73B-0F06-4C83-A066-157FCFC631AA}.Debug|x86.ActiveCfg = Debug|Any CPU
		{179BE73B-0F06-4C83-A066-157FCFC631AA}.Debug|x86.Build.0 = Debug|Any CPU
		{179BE73B-0F06-4C83-A066-157FCFC631AA}.Release|Any CPU.ActiveCfg = Release|Any CPU
		{179BE73B-0F06-4C83-A066-157FCFC631AA}.Release|Any CPU.Build.0 = Release|Any CPU
		{179BE73B-0F06-4C83-A066-157FCFC631AA}.Release|arm64.ActiveCfg = Release|Any CPU
		{179BE73B-0F06-4C83-A066-157FCFC631AA}.Release|arm64.Build.0 = Release|Any CPU
		{179BE73B-0F06-4C83-A066-157FCFC631AA}.Release|x64.ActiveCfg = Release|Any CPU
		{179BE73B-0F06-4C83-A066-157FCFC631AA}.Release|x64.Build.0 = Release|Any CPU
		{179BE73B-0F06-4C83-A066-157FCFC631AA}.Release|x86.ActiveCfg = Release|Any CPU
		{179BE73B-0F06-4C83-A066-157FCFC631AA}.Release|x86.Build.0 = Release|Any CPU
		{63751ECD-110D-4786-AE3D-C4FDE721A563}.Debug|Any CPU.ActiveCfg = Debug|Any CPU
		{63751ECD-110D-4786-AE3D-C4FDE721A563}.Debug|Any CPU.Build.0 = Debug|Any CPU
		{63751ECD-110D-4786-AE3D-C4FDE721A563}.Debug|arm64.ActiveCfg = Debug|Any CPU
		{63751ECD-110D-4786-AE3D-C4FDE721A563}.Debug|arm64.Build.0 = Debug|Any CPU
		{63751ECD-110D-4786-AE3D-C4FDE721A563}.Debug|x64.ActiveCfg = Debug|Any CPU
		{63751ECD-110D-4786-AE3D-C4FDE721A563}.Debug|x64.Build.0 = Debug|Any CPU
		{63751ECD-110D-4786-AE3D-C4FDE721A563}.Debug|x86.ActiveCfg = Debug|Any CPU
		{63751ECD-110D-4786-AE3D-C4FDE721A563}.Debug|x86.Build.0 = Debug|Any CPU
		{63751ECD-110D-4786-AE3D-C4FDE721A563}.Release|Any CPU.ActiveCfg = Release|Any CPU
		{63751ECD-110D-4786-AE3D-C4FDE721A563}.Release|Any CPU.Build.0 = Release|Any CPU
		{63751ECD-110D-4786-AE3D-C4FDE721A563}.Release|arm64.ActiveCfg = Release|Any CPU
		{63751ECD-110D-4786-AE3D-C4FDE721A563}.Release|arm64.Build.0 = Release|Any CPU
		{63751ECD-110D-4786-AE3D-C4FDE721A563}.Release|x64.ActiveCfg = Release|Any CPU
		{63751ECD-110D-4786-AE3D-C4FDE721A563}.Release|x64.Build.0 = Release|Any CPU
		{63751ECD-110D-4786-AE3D-C4FDE721A563}.Release|x86.ActiveCfg = Release|Any CPU
		{63751ECD-110D-4786-AE3D-C4FDE721A563}.Release|x86.Build.0 = Release|Any CPU
		{32221CE5-E425-4528-B4EA-D6AF87161234}.Debug|Any CPU.ActiveCfg = Debug|Any CPU
		{32221CE5-E425-4528-B4EA-D6AF87161234}.Debug|Any CPU.Build.0 = Debug|Any CPU
		{32221CE5-E425-4528-B4EA-D6AF87161234}.Debug|arm64.ActiveCfg = Debug|Any CPU
		{32221CE5-E425-4528-B4EA-D6AF87161234}.Debug|arm64.Build.0 = Debug|Any CPU
		{32221CE5-E425-4528-B4EA-D6AF87161234}.Debug|x64.ActiveCfg = Debug|Any CPU
		{32221CE5-E425-4528-B4EA-D6AF87161234}.Debug|x64.Build.0 = Debug|Any CPU
		{32221CE5-E425-4528-B4EA-D6AF87161234}.Debug|x86.ActiveCfg = Debug|Any CPU
		{32221CE5-E425-4528-B4EA-D6AF87161234}.Debug|x86.Build.0 = Debug|Any CPU
		{32221CE5-E425-4528-B4EA-D6AF87161234}.Release|Any CPU.ActiveCfg = Release|Any CPU
		{32221CE5-E425-4528-B4EA-D6AF87161234}.Release|Any CPU.Build.0 = Release|Any CPU
		{32221CE5-E425-4528-B4EA-D6AF87161234}.Release|arm64.ActiveCfg = Release|Any CPU
		{32221CE5-E425-4528-B4EA-D6AF87161234}.Release|arm64.Build.0 = Release|Any CPU
		{32221CE5-E425-4528-B4EA-D6AF87161234}.Release|x64.ActiveCfg = Release|Any CPU
		{32221CE5-E425-4528-B4EA-D6AF87161234}.Release|x64.Build.0 = Release|Any CPU
		{32221CE5-E425-4528-B4EA-D6AF87161234}.Release|x86.ActiveCfg = Release|Any CPU
		{32221CE5-E425-4528-B4EA-D6AF87161234}.Release|x86.Build.0 = Release|Any CPU
		{77876C9D-BA83-4B87-88C3-F0E6A37096EF}.Debug|Any CPU.ActiveCfg = Debug|Any CPU
		{77876C9D-BA83-4B87-88C3-F0E6A37096EF}.Debug|Any CPU.Build.0 = Debug|Any CPU
		{77876C9D-BA83-4B87-88C3-F0E6A37096EF}.Debug|arm64.ActiveCfg = Debug|Any CPU
		{77876C9D-BA83-4B87-88C3-F0E6A37096EF}.Debug|arm64.Build.0 = Debug|Any CPU
		{77876C9D-BA83-4B87-88C3-F0E6A37096EF}.Debug|x64.ActiveCfg = Debug|Any CPU
		{77876C9D-BA83-4B87-88C3-F0E6A37096EF}.Debug|x64.Build.0 = Debug|Any CPU
		{77876C9D-BA83-4B87-88C3-F0E6A37096EF}.Debug|x86.ActiveCfg = Debug|Any CPU
		{77876C9D-BA83-4B87-88C3-F0E6A37096EF}.Debug|x86.Build.0 = Debug|Any CPU
		{77876C9D-BA83-4B87-88C3-F0E6A37096EF}.Release|Any CPU.ActiveCfg = Release|Any CPU
		{77876C9D-BA83-4B87-88C3-F0E6A37096EF}.Release|Any CPU.Build.0 = Release|Any CPU
		{77876C9D-BA83-4B87-88C3-F0E6A37096EF}.Release|arm64.ActiveCfg = Release|Any CPU
		{77876C9D-BA83-4B87-88C3-F0E6A37096EF}.Release|arm64.Build.0 = Release|Any CPU
		{77876C9D-BA83-4B87-88C3-F0E6A37096EF}.Release|x64.ActiveCfg = Release|Any CPU
		{77876C9D-BA83-4B87-88C3-F0E6A37096EF}.Release|x64.Build.0 = Release|Any CPU
		{77876C9D-BA83-4B87-88C3-F0E6A37096EF}.Release|x86.ActiveCfg = Release|Any CPU
		{77876C9D-BA83-4B87-88C3-F0E6A37096EF}.Release|x86.Build.0 = Release|Any CPU
		{FFA9A17A-220B-4EF1-88B1-C11AAABFE228}.Debug|Any CPU.ActiveCfg = Debug|x64
		{FFA9A17A-220B-4EF1-88B1-C11AAABFE228}.Debug|Any CPU.Build.0 = Debug|x64
		{FFA9A17A-220B-4EF1-88B1-C11AAABFE228}.Debug|Any CPU.Deploy.0 = Debug|x64
		{FFA9A17A-220B-4EF1-88B1-C11AAABFE228}.Debug|arm64.ActiveCfg = Debug|arm64
		{FFA9A17A-220B-4EF1-88B1-C11AAABFE228}.Debug|arm64.Build.0 = Debug|arm64
		{FFA9A17A-220B-4EF1-88B1-C11AAABFE228}.Debug|arm64.Deploy.0 = Debug|arm64
		{FFA9A17A-220B-4EF1-88B1-C11AAABFE228}.Debug|x64.ActiveCfg = Debug|x64
		{FFA9A17A-220B-4EF1-88B1-C11AAABFE228}.Debug|x64.Build.0 = Debug|x64
		{FFA9A17A-220B-4EF1-88B1-C11AAABFE228}.Debug|x64.Deploy.0 = Debug|x64
		{FFA9A17A-220B-4EF1-88B1-C11AAABFE228}.Debug|x86.ActiveCfg = Debug|x86
		{FFA9A17A-220B-4EF1-88B1-C11AAABFE228}.Debug|x86.Build.0 = Debug|x86
		{FFA9A17A-220B-4EF1-88B1-C11AAABFE228}.Debug|x86.Deploy.0 = Debug|x86
		{FFA9A17A-220B-4EF1-88B1-C11AAABFE228}.Release|Any CPU.ActiveCfg = Release|x64
		{FFA9A17A-220B-4EF1-88B1-C11AAABFE228}.Release|Any CPU.Build.0 = Release|x64
		{FFA9A17A-220B-4EF1-88B1-C11AAABFE228}.Release|Any CPU.Deploy.0 = Release|x64
		{FFA9A17A-220B-4EF1-88B1-C11AAABFE228}.Release|arm64.ActiveCfg = Release|arm64
		{FFA9A17A-220B-4EF1-88B1-C11AAABFE228}.Release|arm64.Build.0 = Release|arm64
		{FFA9A17A-220B-4EF1-88B1-C11AAABFE228}.Release|arm64.Deploy.0 = Release|arm64
		{FFA9A17A-220B-4EF1-88B1-C11AAABFE228}.Release|x64.ActiveCfg = Release|x64
		{FFA9A17A-220B-4EF1-88B1-C11AAABFE228}.Release|x64.Build.0 = Release|x64
		{FFA9A17A-220B-4EF1-88B1-C11AAABFE228}.Release|x64.Deploy.0 = Release|x64
		{FFA9A17A-220B-4EF1-88B1-C11AAABFE228}.Release|x86.ActiveCfg = Release|x86
		{FFA9A17A-220B-4EF1-88B1-C11AAABFE228}.Release|x86.Build.0 = Release|x86
		{FFA9A17A-220B-4EF1-88B1-C11AAABFE228}.Release|x86.Deploy.0 = Release|x86
		{73DE467D-058E-4ACE-8633-98EA987EA4C9}.Debug|Any CPU.ActiveCfg = Debug|Any CPU
		{73DE467D-058E-4ACE-8633-98EA987EA4C9}.Debug|Any CPU.Build.0 = Debug|Any CPU
		{73DE467D-058E-4ACE-8633-98EA987EA4C9}.Debug|Any CPU.Deploy.0 = Debug|Any CPU
		{73DE467D-058E-4ACE-8633-98EA987EA4C9}.Debug|arm64.ActiveCfg = Debug|Any CPU
		{73DE467D-058E-4ACE-8633-98EA987EA4C9}.Debug|arm64.Build.0 = Debug|Any CPU
		{73DE467D-058E-4ACE-8633-98EA987EA4C9}.Debug|x64.ActiveCfg = Debug|Any CPU
		{73DE467D-058E-4ACE-8633-98EA987EA4C9}.Debug|x64.Build.0 = Debug|Any CPU
		{73DE467D-058E-4ACE-8633-98EA987EA4C9}.Debug|x86.ActiveCfg = Debug|Any CPU
		{73DE467D-058E-4ACE-8633-98EA987EA4C9}.Debug|x86.Build.0 = Debug|Any CPU
		{73DE467D-058E-4ACE-8633-98EA987EA4C9}.Release|Any CPU.ActiveCfg = Release|Any CPU
		{73DE467D-058E-4ACE-8633-98EA987EA4C9}.Release|Any CPU.Build.0 = Release|Any CPU
		{73DE467D-058E-4ACE-8633-98EA987EA4C9}.Release|Any CPU.Deploy.0 = Release|Any CPU
		{73DE467D-058E-4ACE-8633-98EA987EA4C9}.Release|arm64.ActiveCfg = Release|Any CPU
		{73DE467D-058E-4ACE-8633-98EA987EA4C9}.Release|arm64.Build.0 = Release|Any CPU
		{73DE467D-058E-4ACE-8633-98EA987EA4C9}.Release|x64.ActiveCfg = Release|Any CPU
		{73DE467D-058E-4ACE-8633-98EA987EA4C9}.Release|x64.Build.0 = Release|Any CPU
		{73DE467D-058E-4ACE-8633-98EA987EA4C9}.Release|x86.ActiveCfg = Release|Any CPU
		{73DE467D-058E-4ACE-8633-98EA987EA4C9}.Release|x86.Build.0 = Release|Any CPU
		{743D2915-A5E1-410C-B39C-BA032BB06949}.Debug|Any CPU.ActiveCfg = Debug|Any CPU
		{743D2915-A5E1-410C-B39C-BA032BB06949}.Debug|Any CPU.Build.0 = Debug|Any CPU
		{743D2915-A5E1-410C-B39C-BA032BB06949}.Debug|arm64.ActiveCfg = Debug|Any CPU
		{743D2915-A5E1-410C-B39C-BA032BB06949}.Debug|arm64.Build.0 = Debug|Any CPU
		{743D2915-A5E1-410C-B39C-BA032BB06949}.Debug|x64.ActiveCfg = Debug|Any CPU
		{743D2915-A5E1-410C-B39C-BA032BB06949}.Debug|x64.Build.0 = Debug|Any CPU
		{743D2915-A5E1-410C-B39C-BA032BB06949}.Debug|x86.ActiveCfg = Debug|Any CPU
		{743D2915-A5E1-410C-B39C-BA032BB06949}.Debug|x86.Build.0 = Debug|Any CPU
		{743D2915-A5E1-410C-B39C-BA032BB06949}.Release|Any CPU.ActiveCfg = Release|Any CPU
		{743D2915-A5E1-410C-B39C-BA032BB06949}.Release|Any CPU.Build.0 = Release|Any CPU
		{743D2915-A5E1-410C-B39C-BA032BB06949}.Release|arm64.ActiveCfg = Release|Any CPU
		{743D2915-A5E1-410C-B39C-BA032BB06949}.Release|arm64.Build.0 = Release|Any CPU
		{743D2915-A5E1-410C-B39C-BA032BB06949}.Release|x64.ActiveCfg = Release|Any CPU
		{743D2915-A5E1-410C-B39C-BA032BB06949}.Release|x64.Build.0 = Release|Any CPU
		{743D2915-A5E1-410C-B39C-BA032BB06949}.Release|x86.ActiveCfg = Release|Any CPU
		{743D2915-A5E1-410C-B39C-BA032BB06949}.Release|x86.Build.0 = Release|Any CPU
		{0CEC0160-C221-4CAE-9E31-87B2E620995A}.Debug|Any CPU.ActiveCfg = Debug|Any CPU
		{0CEC0160-C221-4CAE-9E31-87B2E620995A}.Debug|Any CPU.Build.0 = Debug|Any CPU
		{0CEC0160-C221-4CAE-9E31-87B2E620995A}.Debug|arm64.ActiveCfg = Debug|Any CPU
		{0CEC0160-C221-4CAE-9E31-87B2E620995A}.Debug|arm64.Build.0 = Debug|Any CPU
		{0CEC0160-C221-4CAE-9E31-87B2E620995A}.Debug|x64.ActiveCfg = Debug|Any CPU
		{0CEC0160-C221-4CAE-9E31-87B2E620995A}.Debug|x64.Build.0 = Debug|Any CPU
		{0CEC0160-C221-4CAE-9E31-87B2E620995A}.Debug|x86.ActiveCfg = Debug|Any CPU
		{0CEC0160-C221-4CAE-9E31-87B2E620995A}.Debug|x86.Build.0 = Debug|Any CPU
		{0CEC0160-C221-4CAE-9E31-87B2E620995A}.Release|Any CPU.ActiveCfg = Release|Any CPU
		{0CEC0160-C221-4CAE-9E31-87B2E620995A}.Release|Any CPU.Build.0 = Release|Any CPU
		{0CEC0160-C221-4CAE-9E31-87B2E620995A}.Release|arm64.ActiveCfg = Release|Any CPU
		{0CEC0160-C221-4CAE-9E31-87B2E620995A}.Release|arm64.Build.0 = Release|Any CPU
		{0CEC0160-C221-4CAE-9E31-87B2E620995A}.Release|x64.ActiveCfg = Release|Any CPU
		{0CEC0160-C221-4CAE-9E31-87B2E620995A}.Release|x64.Build.0 = Release|Any CPU
		{0CEC0160-C221-4CAE-9E31-87B2E620995A}.Release|x86.ActiveCfg = Release|Any CPU
		{0CEC0160-C221-4CAE-9E31-87B2E620995A}.Release|x86.Build.0 = Release|Any CPU
	EndGlobalSection
	GlobalSection(SolutionProperties) = preSolution
		HideSolutionNode = FALSE
	EndGlobalSection
	GlobalSection(NestedProjects) = preSolution
		{56CD63E4-12E8-4587-8D88-5C0859482530} = {A85F2488-045C-496E-A6BC-2288FB2026E3}
		{60D64920-DE88-40C2-8A09-C5CC6C65BA5B} = {A85F2488-045C-496E-A6BC-2288FB2026E3}
		{B0BB98C3-BE09-4E14-AD04-B93D7B5E527F} = {A85F2488-045C-496E-A6BC-2288FB2026E3}
		{179BE73B-0F06-4C83-A066-157FCFC631AA} = {A85F2488-045C-496E-A6BC-2288FB2026E3}
		{63751ECD-110D-4786-AE3D-C4FDE721A563} = {08EEE9A8-2680-492D-A643-84BF850F3C7A}
		{32221CE5-E425-4528-B4EA-D6AF87161234} = {08EEE9A8-2680-492D-A643-84BF850F3C7A}
		{77876C9D-BA83-4B87-88C3-F0E6A37096EF} = {60D64920-DE88-40C2-8A09-C5CC6C65BA5B}
		{FFA9A17A-220B-4EF1-88B1-C11AAABFE228} = {60D64920-DE88-40C2-8A09-C5CC6C65BA5B}
		{73DE467D-058E-4ACE-8633-98EA987EA4C9} = {60D64920-DE88-40C2-8A09-C5CC6C65BA5B}
		{743D2915-A5E1-410C-B39C-BA032BB06949} = {60D64920-DE88-40C2-8A09-C5CC6C65BA5B}
		{0CEC0160-C221-4CAE-9E31-87B2E620995A} = {56CD63E4-12E8-4587-8D88-5C0859482530}
	EndGlobalSection
	GlobalSection(ExtensibilityGlobals) = postSolution
		SolutionGuid = {F51EF269-06DF-4E31-BAF0-991519BBC486}
	EndGlobalSection
EndGlobal
